# THIS IS AN AUTOGENERATED FILE. DO NOT EDIT THIS FILE DIRECTLY.
# yarn lockfile v1


"@tanstack/query-core@4.20.4":
  version "4.20.4"
  resolved "https://registry.yarnpkg.com/@tanstack/query-core/-/query-core-4.20.4.tgz#1f7975a2db26a8bc2f382bad8a44cd422c846b17"
  integrity sha512-lhLtGVNJDsJ/DyZXrLzekDEywQqRVykgBqTmkv0La32a/RleILXy6JMLBb7UmS3QCatg/F/0N9/5b0i5j6IKcA==

"@tanstack/react-query@^4.20.4":
  version "4.20.4"
  resolved "https://registry.yarnpkg.com/@tanstack/react-query/-/react-query-4.20.4.tgz#562b34fb919adea884eccaba2b5be50e8ba7fb16"
  integrity sha512-SJRxx13k/csb9lXAJfycgVA1N/yU/h3bvRNWP0+aHMfMjmbyX82FdoAcckDBbOdEyAupvb0byelNHNeypCFSyA==
  dependencies:
    "@tanstack/query-core" "4.20.4"
    use-sync-external-store "^1.2.0"

"@trpc/client@^10.5.0":
  version "10.5.0"
  resolved "https://registry.yarnpkg.com/@trpc/client/-/client-10.5.0.tgz#7e68348aae3dbe02086d0f19d435927fdaea36f3"
  integrity sha512-ULRL6YUi/4sMzZnqS3VCe/VduPZgY24wdC4canpwWZfHj+O0kHz3KR260DzEw0QrpLrOwmkIWOlQKzVBn2lLgQ==

"@trpc/next@^10.5.0":
  version "10.5.0"
  resolved "https://registry.yarnpkg.com/@trpc/next/-/next-10.5.0.tgz#c7181b126b1f0e249e2b853b28385066576a45ba"
  integrity sha512-beWvrdHZTV7kx4XeLlHKB29EC6VWkkPykWN1eoPkSTeAYMqEIpl46Xgdj6UfiLmuq8yjAi888BahGNdmTMqFZQ==
  dependencies:
    react-ssr-prepass "^1.5.0"

"@trpc/react-query@^10.5.0":
  version "10.5.0"
  resolved "https://registry.yarnpkg.com/@trpc/react-query/-/react-query-10.5.0.tgz#458ee92aed7f36ace621621dab9476cc2370fc90"
  integrity sha512-MBjgssZBy1ZRZVRE4uvnVu7AGcdOhL47Y1NIPGd5WG5ZisNrV6imf7yZ62uNDemnekwTuJT/Lad9r14swvmvzQ==

"@trpc/server@^10.5.0":
  version "10.5.0"
  resolved "https://registry.yarnpkg.com/@trpc/server/-/server-10.5.0.tgz#318d7de7550b7cb01bfd08b036d3a0321b19df80"
  integrity sha512-AJ4ckDpnN8xuqWBox68KDTFpG12ZxKkW7fi9XJ+TLtyyNyqOMVUvKH9070CdxhqBZjebTASryE+/6lntkDFQxA==

react-ssr-prepass@^1.5.0:
  version "1.5.0"
  resolved "https://registry.yarnpkg.com/react-ssr-prepass/-/react-ssr-prepass-1.5.0.tgz#bc4ca7fcb52365e6aea11cc254a3d1bdcbd030c5"
  integrity sha512-yFNHrlVEReVYKsLI5lF05tZoHveA5pGzjFbFJY/3pOqqjGOmMmqx83N4hIjN2n6E1AOa+eQEUxs3CgRnPmT0RQ==

use-sync-external-store@^1.2.0:
  version "1.2.0"
  resolved "https://registry.yarnpkg.com/use-sync-external-store/-/use-sync-external-store-1.2.0.tgz#7dbefd6ef3fe4e767a0cf5d7287aacfb5846928a"
  integrity sha512-eEgnFxGQ1Ife9bzYs6VLi8/4X6CObHMw9Qr9tPY43iKwsPw8xE8+EFsf/2cFZ5S3esXgpWgtSCtLNS41F+sKPA==
